
Microsoft Visual Studio Solution File, Format Version 12.00
# Visual Studio Version 16
VisualStudioVersion = 16.0.30621.155
MinimumVisualStudioVersion = 10.0.40219.1
Project("{F184B08F-C81C-45F6-A57F-5ABD9991F28F}") = "Soduku solver", "Soduku solver.vbproj", "{24E39FEE-4B1C-4742-A0E5-C5A1B24CB813}"
EndProject
Global
	GlobalSection(SolutionConfigurationPlatforms) = preSolution
		Debug|Any CPU = Debug|Any CPU
		Release|Any CPU = Release|Any CPU
	EndGlobalSection
	GlobalSection(ProjectConfigurationPlatforms) = postSolution
		{24E39FEE-4B1C-4742-A0E5-C5A1B24CB813}.Debug|Any CPU.ActiveCfg = Debug|Any CPU
		{24E39FEE-4B1C-4742-A0E5-C5A1B24CB813}.Debug|Any CPU.Build.0 = Debug|Any CPU
		{24E39FEE-4B1C-4742-A0E5-C5A1B24CB813}.Release|Any CPU.ActiveCfg = Release|Any CPU
		{24E39FEE-4B1C-4742-A0E5-C5A1B24CB813}.Release|Any CPU.Build.0 = Release|Any CPU
	EndGlobalSection
	GlobalSection(SolutionProperties) = preSolution
		HideSolutionNode = FALSE
	EndGlobalSection
	GlobalSection(ExtensibilityGlobals) = postSolution
		SolutionGuid = {025A1399-A974-4826-B09C-A818482F2164}
	EndGlobalSection
EndGlobal
